
Microsoft Visual Studio Solution File, Format Version 12.00
# Visual Studio Version 17
VisualStudioVersion = 17.9.34902.65
MinimumVisualStudioVersion = 10.0.40219.1
Project("{FAE04EC0-301F-11D3-BF4B-00C04F79EFBC}") = "NavifationGetMedia", "NavifationGetMedia\NavifationGetMedia.csproj", "{8E73773D-BE32-4681-8A25-3BDDCD89FD40}"
EndProject
Global
	GlobalSection(SolutionConfigurationPlatforms) = preSolution
		Debug|Any CPU = Debug|Any CPU
		Release|Any CPU = Release|Any CPU
	EndGlobalSection
	GlobalSection(ProjectConfigurationPlatforms) = postSolution
		{8E73773D-BE32-4681-8A25-3BDDCD89FD40}.Debug|Any CPU.ActiveCfg = Debug|Any CPU
		{8E73773D-BE32-4681-8A25-3BDDCD89FD40}.Debug|Any CPU.Build.0 = Debug|Any CPU
		{8E73773D-BE32-4681-8A25-3BDDCD89FD40}.Release|Any CPU.ActiveCfg = Release|Any CPU
		{8E73773D-BE32-4681-8A25-3BDDCD89FD40}.Release|Any CPU.Build.0 = Release|Any CPU
	EndGlobalSection
	GlobalSection(SolutionProperties) = preSolution
		HideSolutionNode = FALSE
	EndGlobalSection
	GlobalSection(ExtensibilityGlobals) = postSolution
		SolutionGuid = {D9C4CEED-10DF-4FC9-B2CE-BB525E1EB79D}
	EndGlobalSection
EndGlobal
